
Microsoft Visual Studio Solution File, Format Version 12.00
# Visual Studio Version 17
VisualStudioVersion = 17.14.36518.9
MinimumVisualStudioVersion = 10.0.40219.1
Project("{FAE04EC0-301F-11D3-BF4B-00C04F79EFBC}") = "BotView", "BotView\BotView.csproj", "{7E3CD9CC-B675-48D3-90A0-6B7D39FAA9CE}"
EndProject
Project("{FAE04EC0-301F-11D3-BF4B-00C04F79EFBC}") = "BotView.Tests", "BotView.Tests\BotView.Tests.csproj", "{1322FFF0-1299-4E95-8153-B42B96875272}"
EndProject
Global
	GlobalSection(SolutionConfigurationPlatforms) = preSolution
		Debug|Any CPU = Debug|Any CPU
		Debug|x64 = Debug|x64
		Debug|x86 = Debug|x86
		Release|Any CPU = Release|Any CPU
		Release|x64 = Release|x64
		Release|x86 = Release|x86
	EndGlobalSection
	GlobalSection(ProjectConfigurationPlatforms) = postSolution
		{7E3CD9CC-B675-48D3-90A0-6B7D39FAA9CE}.Debug|Any CPU.ActiveCfg = Debug|Any CPU
		{7E3CD9CC-B675-48D3-90A0-6B7D39FAA9CE}.Debug|Any CPU.Build.0 = Debug|Any CPU
		{7E3CD9CC-B675-48D3-90A0-6B7D39FAA9CE}.Debug|x64.ActiveCfg = Debug|Any CPU
		{7E3CD9CC-B675-48D3-90A0-6B7D39FAA9CE}.Debug|x64.Build.0 = Debug|Any CPU
		{7E3CD9CC-B675-48D3-90A0-6B7D39FAA9CE}.Debug|x86.ActiveCfg = Debug|Any CPU
		{7E3CD9CC-B675-48D3-90A0-6B7D39FAA9CE}.Debug|x86.Build.0 = Debug|Any CPU
		{7E3CD9CC-B675-48D3-90A0-6B7D39FAA9CE}.Release|Any CPU.ActiveCfg = Release|Any CPU
		{7E3CD9CC-B675-48D3-90A0-6B7D39FAA9CE}.Release|Any CPU.Build.0 = Release|Any CPU
		{7E3CD9CC-B675-48D3-90A0-6B7D39FAA9CE}.Release|x64.ActiveCfg = Release|Any CPU
		{7E3CD9CC-B675-48D3-90A0-6B7D39FAA9CE}.Release|x64.Build.0 = Release|Any CPU
		{7E3CD9CC-B675-48D3-90A0-6B7D39FAA9CE}.Release|x86.ActiveCfg = Release|Any CPU
		{7E3CD9CC-B675-48D3-90A0-6B7D39FAA9CE}.Release|x86.Build.0 = Release|Any CPU
		{1322FFF0-1299-4E95-8153-B42B96875272}.Debug|Any CPU.ActiveCfg = Debug|Any CPU
		{1322FFF0-1299-4E95-8153-B42B96875272}.Debug|Any CPU.Build.0 = Debug|Any CPU
		{1322FFF0-1299-4E95-8153-B42B96875272}.Debug|x64.ActiveCfg = Debug|Any CPU
		{1322FFF0-1299-4E95-8153-B42B96875272}.Debug|x64.Build.0 = Debug|Any CPU
		{1322FFF0-1299-4E95-8153-B42B96875272}.Debug|x86.ActiveCfg = Debug|Any CPU
		{1322FFF0-1299-4E95-8153-B42B96875272}.Debug|x86.Build.0 = Debug|Any CPU
		{1322FFF0-1299-4E95-8153-B42B96875272}.Release|Any CPU.ActiveCfg = Release|Any CPU
		{1322FFF0-1299-4E95-8153-B42B96875272}.Release|Any CPU.Build.0 = Release|Any CPU
		{1322FFF0-1299-4E95-8153-B42B96875272}.Release|x64.ActiveCfg = Release|Any CPU
		{1322FFF0-1299-4E95-8153-B42B96875272}.Release|x64.Build.0 = Release|Any CPU
		{1322FFF0-1299-4E95-8153-B42B96875272}.Release|x86.ActiveCfg = Release|Any CPU
		{1322FFF0-1299-4E95-8153-B42B96875272}.Release|x86.Build.0 = Release|Any CPU
	EndGlobalSection
	GlobalSection(SolutionProperties) = preSolution
		HideSolutionNode = FALSE
	EndGlobalSection
	GlobalSection(ExtensibilityGlobals) = postSolution
		SolutionGuid = {F6BA203A-FFD1-4B54-92E2-104058D481EC}
	EndGlobalSection
EndGlobal
